
Microsoft Visual Studio Solution File, Format Version 12.00
# Visual Studio Version 17
VisualStudioVersion = 17.14.37216.2 d17.14
MinimumVisualStudioVersion = 10.0.40219.1
Project("{888888A0-9F3D-457C-B088-3A5042F75D52}") = "textfinder", "textfinder.pyproj", "{9519F9E8-3538-4195-9ED4-EACD742321F4}"
EndProject
Global
	GlobalSection(SolutionConfigurationPlatforms) = preSolution
		Debug|Any CPU = Debug|Any CPU
		Release|Any CPU = Release|Any CPU
	EndGlobalSection
	GlobalSection(ProjectConfigurationPlatforms) = postSolution
		{9519F9E8-3538-4195-9ED4-EACD742321F4}.Debug|Any CPU.ActiveCfg = Debug|Any CPU
		{9519F9E8-3538-4195-9ED4-EACD742321F4}.Release|Any CPU.ActiveCfg = Release|Any CPU
	EndGlobalSection
	GlobalSection(SolutionProperties) = preSolution
		HideSolutionNode = FALSE
	EndGlobalSection
	GlobalSection(ExtensibilityGlobals) = postSolution
		SolutionGuid = {191AAAC1-1E5D-41B6-85C7-5C0A3E9FDE5F}
	EndGlobalSection
EndGlobal
